
Microsoft Visual Studio Solution File, Format Version 12.00
# Visual Studio Version 17
VisualStudioVersion = 17.7.34202.233
MinimumVisualStudioVersion = 10.0.40219.1
Project("{9A19103F-16F7-4668-BE54-9A1E7A4F7556}") = "Ornek Algoritma Sorulari", "3OcakCalismam\Ornek Algoritma Sorulari.csproj", "{D12F48BD-55E0-43AE-92BB-8D32379854C2}"
EndProject
Project("{9A19103F-16F7-4668-BE54-9A1E7A4F7556}") = "HelloWorld", "HelloWorld\HelloWorld.csproj", "{CF5DF959-D945-4A30-B3D5-55293BDFCC77}"
EndProject
Project("{9A19103F-16F7-4668-BE54-9A1E7A4F7556}") = "Günlük Kosu Mesafesi Ölçer", "Günlük Kosu Mesafesi Ölçer\Günlük Kosu Mesafesi Ölçer.csproj", "{5D89B143-56F8-4F87-ADB1-D2C7116FAF78}"
EndProject
Project("{9A19103F-16F7-4668-BE54-9A1E7A4F7556}") = "XOX Oyunu", "XOX Oyunu\XOX Oyunu.csproj", "{A3A1EE6B-6DEC-46E2-8A0C-B1F9C69B32C8}"
EndProject
Project("{9A19103F-16F7-4668-BE54-9A1E7A4F7556}") = "Kelime Tahmin Oyunu", "Kelime Tahmin Oyunu\Kelime Tahmin Oyunu.csproj", "{4D01518E-071A-4FFD-8A27-1A53FE6320C2}"
EndProject
Project("{9A19103F-16F7-4668-BE54-9A1E7A4F7556}") = "OOP-Ornek Ogrenci Calisma", "OOP-Ornek Ogrenci Calisma\OOP-Ornek Ogrenci Calisma.csproj", "{1BE88169-C60E-4695-AB7D-A9103F043FE3}"
EndProject
Project("{9A19103F-16F7-4668-BE54-9A1E7A4F7556}") = "Ogrenci Yonetim Ornegi", "Ogrenci Yonetim Ornegi\Ogrenci Yonetim Ornegi.csproj", "{E2AC0A24-BA55-4FB0-A817-0911DE3D5075}"
EndProject
Project("{9A19103F-16F7-4668-BE54-9A1E7A4F7556}") = "SinemaKonsolUygulamasi-OOP Ornek", "SinemaKonsolUygulamasi-OOP Ornek\SinemaKonsolUygulamasi-OOP Ornek.csproj", "{C1CCDBFB-21F6-4E68-A704-3FA404CB4C84}"
EndProject
Project("{9A19103F-16F7-4668-BE54-9A1E7A4F7556}") = "OkulYonetim-OOP-Ornek", "OkulYonetim-OOP-Ornek\OkulYonetim-OOP-Ornek.csproj", "{9D8F585D-5769-4804-91BA-9CE0EF570867}"
EndProject
Project("{FAE04EC0-301F-11D3-BF4B-00C04F79EFBC}") = "OtoGaleri-OOP-OrnekKonsolUygulamasi", "OtoGaleri-OOP-OrnekKonsolUygulamasi\OtoGaleri-OOP-OrnekKonsolUygulamasi.csproj", "{91821789-4BE8-4A73-BABB-5B585EB84751}"
EndProject
Global
	GlobalSection(SolutionConfigurationPlatforms) = preSolution
		Debug|Any CPU = Debug|Any CPU
		Release|Any CPU = Release|Any CPU
	EndGlobalSection
	GlobalSection(ProjectConfigurationPlatforms) = postSolution
		{D12F48BD-55E0-43AE-92BB-8D32379854C2}.Debug|Any CPU.ActiveCfg = Debug|Any CPU
		{D12F48BD-55E0-43AE-92BB-8D32379854C2}.Debug|Any CPU.Build.0 = Debug|Any CPU
		{D12F48BD-55E0-43AE-92BB-8D32379854C2}.Release|Any CPU.ActiveCfg = Release|Any CPU
		{D12F48BD-55E0-43AE-92BB-8D32379854C2}.Release|Any CPU.Build.0 = Release|Any CPU
		{CF5DF959-D945-4A30-B3D5-55293BDFCC77}.Debug|Any CPU.ActiveCfg = Debug|Any CPU
		{CF5DF959-D945-4A30-B3D5-55293BDFCC77}.Debug|Any CPU.Build.0 = Debug|Any CPU
		{CF5DF959-D945-4A30-B3D5-55293BDFCC77}.Release|Any CPU.ActiveCfg = Release|Any CPU
		{CF5DF959-D945-4A30-B3D5-55293BDFCC77}.Release|Any CPU.Build.0 = Release|Any CPU
		{5D89B143-56F8-4F87-ADB1-D2C7116FAF78}.Debug|Any CPU.ActiveCfg = Debug|Any CPU
		{5D89B143-56F8-4F87-ADB1-D2C7116FAF78}.Debug|Any CPU.Build.0 = Debug|Any CPU
		{5D89B143-56F8-4F87-ADB1-D2C7116FAF78}.Release|Any CPU.ActiveCfg = Release|Any CPU
		{5D89B143-56F8-4F87-ADB1-D2C7116FAF78}.Release|Any CPU.Build.0 = Release|Any CPU
		{A3A1EE6B-6DEC-46E2-8A0C-B1F9C69B32C8}.Debug|Any CPU.ActiveCfg = Debug|Any CPU
		{A3A1EE6B-6DEC-46E2-8A0C-B1F9C69B32C8}.Debug|Any CPU.Build.0 = Debug|Any CPU
		{A3A1EE6B-6DEC-46E2-8A0C-B1F9C69B32C8}.Release|Any CPU.ActiveCfg = Release|Any CPU
		{A3A1EE6B-6DEC-46E2-8A0C-B1F9C69B32C8}.Release|Any CPU.Build.0 = Release|Any CPU
		{4D01518E-071A-4FFD-8A27-1A53FE6320C2}.Debug|Any CPU.ActiveCfg = Debug|Any CPU
		{4D01518E-071A-4FFD-8A27-1A53FE6320C2}.Debug|Any CPU.Build.0 = Debug|Any CPU
		{4D01518E-071A-4FFD-8A27-1A53FE6320C2}.Release|Any CPU.ActiveCfg = Release|Any CPU
		{4D01518E-071A-4FFD-8A27-1A53FE6320C2}.Release|Any CPU.Build.0 = Release|Any CPU
		{1BE88169-C60E-4695-AB7D-A9103F043FE3}.Debug|Any CPU.ActiveCfg = Debug|Any CPU
		{1BE88169-C60E-4695-AB7D-A9103F043FE3}.Debug|Any CPU.Build.0 = Debug|Any CPU
		{1BE88169-C60E-4695-AB7D-A9103F043FE3}.Release|Any CPU.ActiveCfg = Release|Any CPU
		{1BE88169-C60E-4695-AB7D-A9103F043FE3}.Release|Any CPU.Build.0 = Release|Any CPU
		{E2AC0A24-BA55-4FB0-A817-0911DE3D5075}.Debug|Any CPU.ActiveCfg = Debug|Any CPU
		{E2AC0A24-BA55-4FB0-A817-0911DE3D5075}.Debug|Any CPU.Build.0 = Debug|Any CPU
		{E2AC0A24-BA55-4FB0-A817-0911DE3D5075}.Release|Any CPU.ActiveCfg = Release|Any CPU
		{E2AC0A24-BA55-4FB0-A817-0911DE3D5075}.Release|Any CPU.Build.0 = Release|Any CPU
		{C1CCDBFB-21F6-4E68-A704-3FA404CB4C84}.Debug|Any CPU.ActiveCfg = Debug|Any CPU
		{C1CCDBFB-21F6-4E68-A704-3FA404CB4C84}.Debug|Any CPU.Build.0 = Debug|Any CPU
		{C1CCDBFB-21F6-4E68-A704-3FA404CB4C84}.Release|Any CPU.ActiveCfg = Release|Any CPU
		{C1CCDBFB-21F6-4E68-A704-3FA404CB4C84}.Release|Any CPU.Build.0 = Release|Any CPU
		{9D8F585D-5769-4804-91BA-9CE0EF570867}.Debug|Any CPU.ActiveCfg = Debug|Any CPU
		{9D8F585D-5769-4804-91BA-9CE0EF570867}.Debug|Any CPU.Build.0 = Debug|Any CPU
		{9D8F585D-5769-4804-91BA-9CE0EF570867}.Release|Any CPU.ActiveCfg = Release|Any CPU
		{9D8F585D-5769-4804-91BA-9CE0EF570867}.Release|Any CPU.Build.0 = Release|Any CPU
		{91821789-4BE8-4A73-BABB-5B585EB84751}.Debug|Any CPU.ActiveCfg = Debug|Any CPU
		{91821789-4BE8-4A73-BABB-5B585EB84751}.Debug|Any CPU.Build.0 = Debug|Any CPU
		{91821789-4BE8-4A73-BABB-5B585EB84751}.Release|Any CPU.ActiveCfg = Release|Any CPU
		{91821789-4BE8-4A73-BABB-5B585EB84751}.Release|Any CPU.Build.0 = Release|Any CPU
	EndGlobalSection
	GlobalSection(SolutionProperties) = preSolution
		HideSolutionNode = FALSE
	EndGlobalSection
	GlobalSection(ExtensibilityGlobals) = postSolution
		SolutionGuid = {F630FD3C-082F-4961-B3D6-C9A5A340DFE1}
	EndGlobalSection
EndGlobal
