
Microsoft Visual Studio Solution File, Format Version 12.00
# Visual Studio Version 17
VisualStudioVersion = 17.7.34202.233
MinimumVisualStudioVersion = 10.0.40219.1
Project("{9A19103F-16F7-4668-BE54-9A1E7A4F7556}") = "Ornek Algoritma Sorulari", "3OcakCalismam\Ornek Algoritma Sorulari.csproj", "{D12F48BD-55E0-43AE-92BB-8D32379854C2}"
EndProject
Project("{9A19103F-16F7-4668-BE54-9A1E7A4F7556}") = "HelloWorld", "HelloWorld\HelloWorld.csproj", "{CF5DF959-D945-4A30-B3D5-55293BDFCC77}"
EndProject
Project("{FAE04EC0-301F-11D3-BF4B-00C04F79EFBC}") = "Günlük Kosu Mesafesi Ölçer", "Günlük Kosu Mesafesi Ölçer\Günlük Kosu Mesafesi Ölçer.csproj", "{5D89B143-56F8-4F87-ADB1-D2C7116FAF78}"
EndProject
Global
	GlobalSection(SolutionConfigurationPlatforms) = preSolution
		Debug|Any CPU = Debug|Any CPU
		Release|Any CPU = Release|Any CPU
	EndGlobalSection
	GlobalSection(ProjectConfigurationPlatforms) = postSolution
		{D12F48BD-55E0-43AE-92BB-8D32379854C2}.Debug|Any CPU.ActiveCfg = Debug|Any CPU
		{D12F48BD-55E0-43AE-92BB-8D32379854C2}.Debug|Any CPU.Build.0 = Debug|Any CPU
		{D12F48BD-55E0-43AE-92BB-8D32379854C2}.Release|Any CPU.ActiveCfg = Release|Any CPU
		{D12F48BD-55E0-43AE-92BB-8D32379854C2}.Release|Any CPU.Build.0 = Release|Any CPU
		{CF5DF959-D945-4A30-B3D5-55293BDFCC77}.Debug|Any CPU.ActiveCfg = Debug|Any CPU
		{CF5DF959-D945-4A30-B3D5-55293BDFCC77}.Debug|Any CPU.Build.0 = Debug|Any CPU
		{CF5DF959-D945-4A30-B3D5-55293BDFCC77}.Release|Any CPU.ActiveCfg = Release|Any CPU
		{CF5DF959-D945-4A30-B3D5-55293BDFCC77}.Release|Any CPU.Build.0 = Release|Any CPU
		{5D89B143-56F8-4F87-ADB1-D2C7116FAF78}.Debug|Any CPU.ActiveCfg = Debug|Any CPU
		{5D89B143-56F8-4F87-ADB1-D2C7116FAF78}.Debug|Any CPU.Build.0 = Debug|Any CPU
		{5D89B143-56F8-4F87-ADB1-D2C7116FAF78}.Release|Any CPU.ActiveCfg = Release|Any CPU
		{5D89B143-56F8-4F87-ADB1-D2C7116FAF78}.Release|Any CPU.Build.0 = Release|Any CPU
	EndGlobalSection
	GlobalSection(SolutionProperties) = preSolution
		HideSolutionNode = FALSE
	EndGlobalSection
	GlobalSection(ExtensibilityGlobals) = postSolution
		SolutionGuid = {F630FD3C-082F-4961-B3D6-C9A5A340DFE1}
	EndGlobalSection
EndGlobal
